
Microsoft Visual Studio Solution File, Format Version 12.00
# Visual Studio 15
VisualStudioVersion = 15.0.26228.12
MinimumVisualStudioVersion = 10.0.40219.1
Project("{00D1A9C2-B5F0-4AF3-8072-F6C62B433612}") = "SSDTt4Helper", "SSDTt4Helper.sqlproj", "{A0B598EE-777B-4F6B-812D-2F8C1C34DDF0}"
EndProject
Global
	GlobalSection(SolutionConfigurationPlatforms) = preSolution
		Debug|Any CPU = Debug|Any CPU
		Release|Any CPU = Release|Any CPU
	EndGlobalSection
	GlobalSection(ProjectConfigurationPlatforms) = postSolution
		{A0B598EE-777B-4F6B-812D-2F8C1C34DDF0}.Debug|Any CPU.ActiveCfg = Debug|Any CPU
		{A0B598EE-777B-4F6B-812D-2F8C1C34DDF0}.Debug|Any CPU.Build.0 = Debug|Any CPU
		{A0B598EE-777B-4F6B-812D-2F8C1C34DDF0}.Debug|Any CPU.Deploy.0 = Debug|Any CPU
		{A0B598EE-777B-4F6B-812D-2F8C1C34DDF0}.Release|Any CPU.ActiveCfg = Release|Any CPU
		{A0B598EE-777B-4F6B-812D-2F8C1C34DDF0}.Release|Any CPU.Build.0 = Release|Any CPU
		{A0B598EE-777B-4F6B-812D-2F8C1C34DDF0}.Release|Any CPU.Deploy.0 = Release|Any CPU
	EndGlobalSection
	GlobalSection(SolutionProperties) = preSolution
		HideSolutionNode = FALSE
	EndGlobalSection
EndGlobal
